
Microsoft Visual Studio Solution File, Format Version 12.00
# Visual Studio Version 17
VisualStudioVersion = 17.13.35825.156
MinimumVisualStudioVersion = 10.0.40219.1
Project("{FAE04EC0-301F-11D3-BF4B-00C04F79EFBC}") = "ChessDataProject", "ChessDataProject.csproj", "{63735398-FFAF-4ABA-9A27-E737C542F99A}"
EndProject
Global
	GlobalSection(SolutionConfigurationPlatforms) = preSolution
		Debug|Any CPU = Debug|Any CPU
		Release|Any CPU = Release|Any CPU
	EndGlobalSection
	GlobalSection(ProjectConfigurationPlatforms) = postSolution
		{63735398-FFAF-4ABA-9A27-E737C542F99A}.Debug|Any CPU.ActiveCfg = Debug|Any CPU
		{63735398-FFAF-4ABA-9A27-E737C542F99A}.Debug|Any CPU.Build.0 = Debug|Any CPU
		{63735398-FFAF-4ABA-9A27-E737C542F99A}.Release|Any CPU.ActiveCfg = Release|Any CPU
		{63735398-FFAF-4ABA-9A27-E737C542F99A}.Release|Any CPU.Build.0 = Release|Any CPU
	EndGlobalSection
	GlobalSection(SolutionProperties) = preSolution
		HideSolutionNode = FALSE
	EndGlobalSection
	GlobalSection(ExtensibilityGlobals) = postSolution
		SolutionGuid = {B4F081AD-CC0A-4C94-B076-4F12A3B1C6F0}
	EndGlobalSection
EndGlobal
